
Microsoft Visual Studio Solution File, Format Version 12.00
# Visual Studio Version 17
VisualStudioVersion = 17.4.33205.214
MinimumVisualStudioVersion = 10.0.40219.1
Project("{FAE04EC0-301F-11D3-BF4B-00C04F79EFBC}") = "WPF_Chart_Bind_IEnumerable", "WPF_Chart_Bind_IEnumerable\WPF_Chart_Bind_IEnumerable.csproj", "{24EBBB03-E730-446A-A57A-56714557023E}"
EndProject
Global
	GlobalSection(SolutionConfigurationPlatforms) = preSolution
		Debug|Any CPU = Debug|Any CPU
		Release|Any CPU = Release|Any CPU
	EndGlobalSection
	GlobalSection(ProjectConfigurationPlatforms) = postSolution
		{24EBBB03-E730-446A-A57A-56714557023E}.Debug|Any CPU.ActiveCfg = Debug|Any CPU
		{24EBBB03-E730-446A-A57A-56714557023E}.Debug|Any CPU.Build.0 = Debug|Any CPU
		{24EBBB03-E730-446A-A57A-56714557023E}.Release|Any CPU.ActiveCfg = Release|Any CPU
		{24EBBB03-E730-446A-A57A-56714557023E}.Release|Any CPU.Build.0 = Release|Any CPU
	EndGlobalSection
	GlobalSection(SolutionProperties) = preSolution
		HideSolutionNode = FALSE
	EndGlobalSection
	GlobalSection(ExtensibilityGlobals) = postSolution
		SolutionGuid = {EB4EBB81-DF5C-4BFD-947F-6B007285069D}
	EndGlobalSection
EndGlobal
