
Microsoft Visual Studio Solution File, Format Version 12.00
# Visual Studio Version 17
VisualStudioVersion = 17.4.33205.214
MinimumVisualStudioVersion = 10.0.40219.1
Project("{FAE04EC0-301F-11D3-BF4B-00C04F79EFBC}") = "WPF_Chart_Bind_DataTable", "WPF_Chart_Bind_DataTable\WPF_Chart_Bind_DataTable.csproj", "{7B50DBFA-8B07-453E-873E-316DBE307F72}"
EndProject
Global
	GlobalSection(SolutionConfigurationPlatforms) = preSolution
		Debug|Any CPU = Debug|Any CPU
		Release|Any CPU = Release|Any CPU
	EndGlobalSection
	GlobalSection(ProjectConfigurationPlatforms) = postSolution
		{7B50DBFA-8B07-453E-873E-316DBE307F72}.Debug|Any CPU.ActiveCfg = Debug|Any CPU
		{7B50DBFA-8B07-453E-873E-316DBE307F72}.Debug|Any CPU.Build.0 = Debug|Any CPU
		{7B50DBFA-8B07-453E-873E-316DBE307F72}.Release|Any CPU.ActiveCfg = Release|Any CPU
		{7B50DBFA-8B07-453E-873E-316DBE307F72}.Release|Any CPU.Build.0 = Release|Any CPU
	EndGlobalSection
	GlobalSection(SolutionProperties) = preSolution
		HideSolutionNode = FALSE
	EndGlobalSection
	GlobalSection(ExtensibilityGlobals) = postSolution
		SolutionGuid = {BEF9CDB6-F441-4E0D-B89F-00D1793A1913}
	EndGlobalSection
EndGlobal
